
Microsoft Visual Studio Solution File, Format Version 12.00
# Visual Studio Version 17
VisualStudioVersion = 17.9.34607.119
MinimumVisualStudioVersion = 10.0.40219.1
Project("{9A19103F-16F7-4668-BE54-9A1E7A4F7556}") = "CollectionViewPerformanceMaui", "CollectionViewPerformanceMaui\CollectionViewPerformanceMaui.csproj", "{AE812AF9-22AE-4B21-9865-B7186DE529EA}"
EndProject
Global
	GlobalSection(SolutionConfigurationPlatforms) = preSolution
		Debug|Any CPU = Debug|Any CPU
		Release|Any CPU = Release|Any CPU
	EndGlobalSection
	GlobalSection(ProjectConfigurationPlatforms) = postSolution
		{AE812AF9-22AE-4B21-9865-B7186DE529EA}.Debug|Any CPU.ActiveCfg = Debug|Any CPU
		{AE812AF9-22AE-4B21-9865-B7186DE529EA}.Debug|Any CPU.Build.0 = Debug|Any CPU
		{AE812AF9-22AE-4B21-9865-B7186DE529EA}.Debug|Any CPU.Deploy.0 = Debug|Any CPU
		{AE812AF9-22AE-4B21-9865-B7186DE529EA}.Release|Any CPU.ActiveCfg = Release|Any CPU
		{AE812AF9-22AE-4B21-9865-B7186DE529EA}.Release|Any CPU.Build.0 = Release|Any CPU
		{AE812AF9-22AE-4B21-9865-B7186DE529EA}.Release|Any CPU.Deploy.0 = Release|Any CPU
	EndGlobalSection
	GlobalSection(SolutionProperties) = preSolution
		HideSolutionNode = FALSE
	EndGlobalSection
	GlobalSection(ExtensibilityGlobals) = postSolution
		SolutionGuid = {CEA38479-44A9-4775-BEDD-72E3E126D132}
	EndGlobalSection
EndGlobal
